// !$*UTF8*$!
{
	archiveVersion = 1;
	classes = {
	};
	objectVersion = 56;
	objects = {

/* Begin PBXBuildFile section */
		AB02CB252A14D6A000C852C7 /* AppDelegate.swift in Sources */ = {isa = PBXBuildFile; fileRef = AB02CB242A14D6A000C852C7 /* AppDelegate.swift */; };
		AB02CB272A14D6A000C852C7 /* SceneDelegate.swift in Sources */ = {isa = PBXBuildFile; fileRef = AB02CB262A14D6A000C852C7 /* SceneDelegate.swift */; };
		AB02CB292A14D6A000C852C7 /* AuthViewController.swift in Sources */ = {isa = PBXBuildFile; fileRef = AB02CB282A14D6A000C852C7 /* AuthViewController.swift */; };
		AB02CB2E2A14D6A100C852C7 /* Assets.xcassets in Resources */ = {isa = PBXBuildFile; fileRef = AB02CB2D2A14D6A100C852C7 /* Assets.xcassets */; };
		AB02CB312A14D6A100C852C7 /* LaunchScreen.storyboard in Resources */ = {isa = PBXBuildFile; fileRef = AB02CB2F2A14D6A100C852C7 /* LaunchScreen.storyboard */; };
		AB02CB392A14DB2C00C852C7 /* UIButton + Extension.swift in Sources */ = {isa = PBXBuildFile; fileRef = AB02CB382A14DB2C00C852C7 /* UIButton + Extension.swift */; };
		AB02CB3B2A14DCE300C852C7 /* UIFont + Extension.swift in Sources */ = {isa = PBXBuildFile; fileRef = AB02CB3A2A14DCE300C852C7 /* UIFont + Extension.swift */; };
		AB02CB3D2A14DDA900C852C7 /* UIColor + Extension.swift in Sources */ = {isa = PBXBuildFile; fileRef = AB02CB3C2A14DDA900C852C7 /* UIColor + Extension.swift */; };
		AB02CB3F2A14DFFB00C852C7 /* Label + Extension.swift in Sources */ = {isa = PBXBuildFile; fileRef = AB02CB3E2A14DFFB00C852C7 /* Label + Extension.swift */; };
		AB02CB412A14E09600C852C7 /* UIImageView + Extension.swift in Sources */ = {isa = PBXBuildFile; fileRef = AB02CB402A14E09600C852C7 /* UIImageView + Extension.swift */; };
		AB02CB452A14E50100C852C7 /* ButtonFormView.swift in Sources */ = {isa = PBXBuildFile; fileRef = AB02CB442A14E50100C852C7 /* ButtonFormView.swift */; };
		AB02CB472A14E8B400C852C7 /* StackVIew + Extension.swift in Sources */ = {isa = PBXBuildFile; fileRef = AB02CB462A14E8B400C852C7 /* StackVIew + Extension.swift */; };
		AB02CB492A14EADB00C852C7 /* SignUpViewController.swift in Sources */ = {isa = PBXBuildFile; fileRef = AB02CB482A14EADB00C852C7 /* SignUpViewController.swift */; };
		AB02CB4B2A14ECC200C852C7 /* OneLineTextField.swift in Sources */ = {isa = PBXBuildFile; fileRef = AB02CB4A2A14ECC200C852C7 /* OneLineTextField.swift */; };
/* End PBXBuildFile section */

/* Begin PBXFileReference section */
		AB02CB212A14D6A000C852C7 /* Messenger.app */ = {isa = PBXFileReference; explicitFileType = wrapper.application; includeInIndex = 0; path = Messenger.app; sourceTree = BUILT_PRODUCTS_DIR; };
		AB02CB242A14D6A000C852C7 /* AppDelegate.swift */ = {isa = PBXFileReference; lastKnownFileType = sourcecode.swift; path = AppDelegate.swift; sourceTree = "<group>"; };
		AB02CB262A14D6A000C852C7 /* SceneDelegate.swift */ = {isa = PBXFileReference; lastKnownFileType = sourcecode.swift; path = SceneDelegate.swift; sourceTree = "<group>"; };
		AB02CB282A14D6A000C852C7 /* AuthViewController.swift */ = {isa = PBXFileReference; lastKnownFileType = sourcecode.swift; path = AuthViewController.swift; sourceTree = "<group>"; };
		AB02CB2D2A14D6A100C852C7 /* Assets.xcassets */ = {isa = PBXFileReference; lastKnownFileType = folder.assetcatalog; path = Assets.xcassets; sourceTree = "<group>"; };
		AB02CB302A14D6A100C852C7 /* Base */ = {isa = PBXFileReference; lastKnownFileType = file.storyboard; name = Base; path = Base.lproj/LaunchScreen.storyboard; sourceTree = "<group>"; };
		AB02CB322A14D6A100C852C7 /* Info.plist */ = {isa = PBXFileReference; lastKnownFileType = text.plist.xml; path = Info.plist; sourceTree = "<group>"; };
		AB02CB382A14DB2C00C852C7 /* UIButton + Extension.swift */ = {isa = PBXFileReference; lastKnownFileType = sourcecode.swift; path = "UIButton + Extension.swift"; sourceTree = "<group>"; };
		AB02CB3A2A14DCE300C852C7 /* UIFont + Extension.swift */ = {isa = PBXFileReference; lastKnownFileType = sourcecode.swift; path = "UIFont + Extension.swift"; sourceTree = "<group>"; };
		AB02CB3C2A14DDA900C852C7 /* UIColor + Extension.swift */ = {isa = PBXFileReference; lastKnownFileType = sourcecode.swift; path = "UIColor + Extension.swift"; sourceTree = "<group>"; };
		AB02CB3E2A14DFFB00C852C7 /* Label + Extension.swift */ = {isa = PBXFileReference; lastKnownFileType = sourcecode.swift; path = "Label + Extension.swift"; sourceTree = "<group>"; };
		AB02CB402A14E09600C852C7 /* UIImageView + Extension.swift */ = {isa = PBXFileReference; lastKnownFileType = sourcecode.swift; path = "UIImageView + Extension.swift"; sourceTree = "<group>"; };
		AB02CB442A14E50100C852C7 /* ButtonFormView.swift */ = {isa = PBXFileReference; lastKnownFileType = sourcecode.swift; path = ButtonFormView.swift; sourceTree = "<group>"; };
		AB02CB462A14E8B400C852C7 /* StackVIew + Extension.swift */ = {isa = PBXFileReference; lastKnownFileType = sourcecode.swift; path = "StackVIew + Extension.swift"; sourceTree = "<group>"; };
		AB02CB482A14EADB00C852C7 /* SignUpViewController.swift */ = {isa = PBXFileReference; lastKnownFileType = sourcecode.swift; path = SignUpViewController.swift; sourceTree = "<group>"; };
		AB02CB4A2A14ECC200C852C7 /* OneLineTextField.swift */ = {isa = PBXFileReference; lastKnownFileType = sourcecode.swift; path = OneLineTextField.swift; sourceTree = "<group>"; };
/* End PBXFileReference section */

/* Begin PBXFrameworksBuildPhase section */
		AB02CB1E2A14D6A000C852C7 /* Frameworks */ = {
			isa = PBXFrameworksBuildPhase;
			buildActionMask = 2147483647;
			files = (
			);
			runOnlyForDeploymentPostprocessing = 0;
		};
/* End PBXFrameworksBuildPhase section */

/* Begin PBXGroup section */
		AB02CB182A14D6A000C852C7 = {
			isa = PBXGroup;
			children = (
				AB02CB232A14D6A000C852C7 /* Messenger */,
				AB02CB222A14D6A000C852C7 /* Products */,
			);
			sourceTree = "<group>";
		};
		AB02CB222A14D6A000C852C7 /* Products */ = {
			isa = PBXGroup;
			children = (
				AB02CB212A14D6A000C852C7 /* Messenger.app */,
			);
			name = Products;
			sourceTree = "<group>";
		};
		AB02CB232A14D6A000C852C7 /* Messenger */ = {
			isa = PBXGroup;
			children = (
				AB02CB242A14D6A000C852C7 /* AppDelegate.swift */,
				AB02CB262A14D6A000C852C7 /* SceneDelegate.swift */,
				AB02CB282A14D6A000C852C7 /* AuthViewController.swift */,
				AB02CB482A14EADB00C852C7 /* SignUpViewController.swift */,
				AB02CB422A14E22A00C852C7 /* Extensions */,
				AB02CB2D2A14D6A100C852C7 /* Assets.xcassets */,
				AB02CB2F2A14D6A100C852C7 /* LaunchScreen.storyboard */,
				AB02CB322A14D6A100C852C7 /* Info.plist */,
			);
			path = Messenger;
			sourceTree = "<group>";
		};
		AB02CB422A14E22A00C852C7 /* Extensions */ = {
			isa = PBXGroup;
			children = (
				AB02CB432A14E24700C852C7 /* UIKit */,
			);
			path = Extensions;
			sourceTree = "<group>";
		};
		AB02CB432A14E24700C852C7 /* UIKit */ = {
			isa = PBXGroup;
			children = (
				AB02CB442A14E50100C852C7 /* ButtonFormView.swift */,
				AB02CB4A2A14ECC200C852C7 /* OneLineTextField.swift */,
				AB02CB3C2A14DDA900C852C7 /* UIColor + Extension.swift */,
				AB02CB382A14DB2C00C852C7 /* UIButton + Extension.swift */,
				AB02CB462A14E8B400C852C7 /* StackVIew + Extension.swift */,
				AB02CB3E2A14DFFB00C852C7 /* Label + Extension.swift */,
				AB02CB3A2A14DCE300C852C7 /* UIFont + Extension.swift */,
				AB02CB402A14E09600C852C7 /* UIImageView + Extension.swift */,
			);
			path = UIKit;
			sourceTree = "<group>";
		};
/* End PBXGroup section */

/* Begin PBXNativeTarget section */
		AB02CB202A14D6A000C852C7 /* Messenger */ = {
			isa = PBXNativeTarget;
			buildConfigurationList = AB02CB352A14D6A100C852C7 /* Build configuration list for PBXNativeTarget "Messenger" */;
			buildPhases = (
				AB02CB1D2A14D6A000C852C7 /* Sources */,
				AB02CB1E2A14D6A000C852C7 /* Frameworks */,
				AB02CB1F2A14D6A000C852C7 /* Resources */,
			);
			buildRules = (
			);
			dependencies = (
			);
			name = Messenger;
			productName = Messenger;
			productReference = AB02CB212A14D6A000C852C7 /* Messenger.app */;
			productType = "com.apple.product-type.application";
		};
/* End PBXNativeTarget section */

/* Begin PBXProject section */
		AB02CB192A14D6A000C852C7 /* Project object */ = {
			isa = PBXProject;
			attributes = {
				BuildIndependentTargetsInParallel = 1;
				LastSwiftUpdateCheck = 1420;
				LastUpgradeCheck = 1420;
				TargetAttributes = {
					AB02CB202A14D6A000C852C7 = {
						CreatedOnToolsVersion = 14.2;
					};
				};
			};
			buildConfigurationList = AB02CB1C2A14D6A000C852C7 /* Build configuration list for PBXProject "Messenger" */;
			compatibilityVersion = "Xcode 14.0";
			developmentRegion = en;
			hasScannedForEncodings = 0;
			knownRegions = (
				en,
				Base,
			);
			mainGroup = AB02CB182A14D6A000C852C7;
			productRefGroup = AB02CB222A14D6A000C852C7 /* Products */;
			projectDirPath = "";
			projectRoot = "";
			targets = (
				AB02CB202A14D6A000C852C7 /* Messenger */,
			);
		};
/* End PBXProject section */

/* Begin PBXResourcesBuildPhase section */
		AB02CB1F2A14D6A000C852C7 /* Resources */ = {
			isa = PBXResourcesBuildPhase;
			buildActionMask = 2147483647;
			files = (
				AB02CB312A14D6A100C852C7 /* LaunchScreen.storyboard in Resources */,
				AB02CB2E2A14D6A100C852C7 /* Assets.xcassets in Resources */,
			);
			runOnlyForDeploymentPostprocessing = 0;
		};
/* End PBXResourcesBuildPhase section */

/* Begin PBXSourcesBuildPhase section */
		AB02CB1D2A14D6A000C852C7 /* Sources */ = {
			isa = PBXSourcesBuildPhase;
			buildActionMask = 2147483647;
			files = (
				AB02CB4B2A14ECC200C852C7 /* OneLineTextField.swift in Sources */,
				AB02CB492A14EADB00C852C7 /* SignUpViewController.swift in Sources */,
				AB02CB3B2A14DCE300C852C7 /* UIFont + Extension.swift in Sources */,
				AB02CB292A14D6A000C852C7 /* AuthViewController.swift in Sources */,
				AB02CB3F2A14DFFB00C852C7 /* Label + Extension.swift in Sources */,
				AB02CB452A14E50100C852C7 /* ButtonFormView.swift in Sources */,
				AB02CB252A14D6A000C852C7 /* AppDelegate.swift in Sources */,
				AB02CB412A14E09600C852C7 /* UIImageView + Extension.swift in Sources */,
				AB02CB3D2A14DDA900C852C7 /* UIColor + Extension.swift in Sources */,
				AB02CB472A14E8B400C852C7 /* StackVIew + Extension.swift in Sources */,
				AB02CB272A14D6A000C852C7 /* SceneDelegate.swift in Sources */,
				AB02CB392A14DB2C00C852C7 /* UIButton + Extension.swift in Sources */,
			);
			runOnlyForDeploymentPostprocessing = 0;
		};
/* End PBXSourcesBuildPhase section */

/* Begin PBXVariantGroup section */
		AB02CB2F2A14D6A100C852C7 /* LaunchScreen.storyboard */ = {
			isa = PBXVariantGroup;
			children = (
				AB02CB302A14D6A100C852C7 /* Base */,
			);
			name = LaunchScreen.storyboard;
			sourceTree = "<group>";
		};
/* End PBXVariantGroup section */

/* Begin XCBuildConfiguration section */
		AB02CB332A14D6A100C852C7 /* Debug */ = {
			isa = XCBuildConfiguration;
			buildSettings = {
				ALWAYS_SEARCH_USER_PATHS = NO;
				CLANG_ANALYZER_NONNULL = YES;
				CLANG_ANALYZER_NUMBER_OBJECT_CONVERSION = YES_AGGRESSIVE;
				CLANG_CXX_LANGUAGE_STANDARD = "gnu++20";
				CLANG_ENABLE_MODULES = YES;
				CLANG_ENABLE_OBJC_ARC = YES;
				CLANG_ENABLE_OBJC_WEAK = YES;
				CLANG_WARN_BLOCK_CAPTURE_AUTORELEASING = YES;
				CLANG_WARN_BOOL_CONVERSION = YES;
				CLANG_WARN_COMMA = YES;
				CLANG_WARN_CONSTANT_CONVERSION = YES;
				CLANG_WARN_DEPRECATED_OBJC_IMPLEMENTATIONS = YES;
				CLANG_WARN_DIRECT_OBJC_ISA_USAGE = YES_ERROR;
				CLANG_WARN_DOCUMENTATION_COMMENTS = YES;
				CLANG_WARN_EMPTY_BODY = YES;
				CLANG_WARN_ENUM_CONVERSION = YES;
				CLANG_WARN_INFINITE_RECURSION = YES;
				CLANG_WARN_INT_CONVERSION = YES;
				CLANG_WARN_NON_LITERAL_NULL_CONVERSION = YES;
				CLANG_WARN_OBJC_IMPLICIT_RETAIN_SELF = YES;
				CLANG_WARN_OBJC_LITERAL_CONVERSION = YES;
				CLANG_WARN_OBJC_ROOT_CLASS = YES_ERROR;
				CLANG_WARN_QUOTED_INCLUDE_IN_FRAMEWORK_HEADER = YES;
				CLANG_WARN_RANGE_LOOP_ANALYSIS = YES;
				CLANG_WARN_STRICT_PROTOTYPES = YES;
				CLANG_WARN_SUSPICIOUS_MOVE = YES;
				CLANG_WARN_UNGUARDED_AVAILABILITY = YES_AGGRESSIVE;
				CLANG_WARN_UNREACHABLE_CODE = YES;
				CLANG_WARN__DUPLICATE_METHOD_MATCH = YES;
				COPY_PHASE_STRIP = NO;
				DEBUG_INFORMATION_FORMAT = dwarf;
				ENABLE_STRICT_OBJC_MSGSEND = YES;
				ENABLE_TESTABILITY = YES;
				GCC_C_LANGUAGE_STANDARD = gnu11;
				GCC_DYNAMIC_NO_PIC = NO;
				GCC_NO_COMMON_BLOCKS = YES;
				GCC_OPTIMIZATION_LEVEL = 0;
				GCC_PREPROCESSOR_DEFINITIONS = (
					"DEBUG=1",
					"$(inherited)",
				);
				GCC_WARN_64_TO_32_BIT_CONVERSION = YES;
				GCC_WARN_ABOUT_RETURN_TYPE = YES_ERROR;
				GCC_WARN_UNDECLARED_SELECTOR = YES;
				GCC_WARN_UNINITIALIZED_AUTOS = YES_AGGRESSIVE;
				GCC_WARN_UNUSED_FUNCTION = YES;
				GCC_WARN_UNUSED_VARIABLE = YES;
				IPHONEOS_DEPLOYMENT_TARGET = 16.2;
				MTL_ENABLE_DEBUG_INFO = INCLUDE_SOURCE;
				MTL_FAST_MATH = YES;
				ONLY_ACTIVE_ARCH = YES;
				SDKROOT = iphoneos;
				SWIFT_ACTIVE_COMPILATION_CONDITIONS = DEBUG;
				SWIFT_OPTIMIZATION_LEVEL = "-Onone";
			};
			name = Debug;
		};
		AB02CB342A14D6A100C852C7 /* Release */ = {
			isa = XCBuildConfiguration;
			buildSettings = {
				ALWAYS_SEARCH_USER_PATHS = NO;
				CLANG_ANALYZER_NONNULL = YES;
				CLANG_ANALYZER_NUMBER_OBJECT_CONVERSION = YES_AGGRESSIVE;
				CLANG_CXX_LANGUAGE_STANDARD = "gnu++20";
				CLANG_ENABLE_MODULES = YES;
				CLANG_ENABLE_OBJC_ARC = YES;
				CLANG_ENABLE_OBJC_WEAK = YES;
				CLANG_WARN_BLOCK_CAPTURE_AUTORELEASING = YES;
				CLANG_WARN_BOOL_CONVERSION = YES;
				CLANG_WARN_COMMA = YES;
				CLANG_WARN_CONSTANT_CONVERSION = YES;
				CLANG_WARN_DEPRECATED_OBJC_IMPLEMENTATIONS = YES;
				CLANG_WARN_DIRECT_OBJC_ISA_USAGE = YES_ERROR;
				CLANG_WARN_DOCUMENTATION_COMMENTS = YES;
				CLANG_WARN_EMPTY_BODY = YES;
				CLANG_WARN_ENUM_CONVERSION = YES;
				CLANG_WARN_INFINITE_RECURSION = YES;
				CLANG_WARN_INT_CONVERSION = YES;
				CLANG_WARN_NON_LITERAL_NULL_CONVERSION = YES;
				CLANG_WARN_OBJC_IMPLICIT_RETAIN_SELF = YES;
				CLANG_WARN_OBJC_LITERAL_CONVERSION = YES;
				CLANG_WARN_OBJC_ROOT_CLASS = YES_ERROR;
				CLANG_WARN_QUOTED_INCLUDE_IN_FRAMEWORK_HEADER = YES;
				CLANG_WARN_RANGE_LOOP_ANALYSIS = YES;
				CLANG_WARN_STRICT_PROTOTYPES = YES;
				CLANG_WARN_SUSPICIOUS_MOVE = YES;
				CLANG_WARN_UNGUARDED_AVAILABILITY = YES_AGGRESSIVE;
				CLANG_WARN_UNREACHABLE_CODE = YES;
				CLANG_WARN__DUPLICATE_METHOD_MATCH = YES;
				COPY_PHASE_STRIP = NO;
				DEBUG_INFORMATION_FORMAT = "dwarf-with-dsym";
				ENABLE_NS_ASSERTIONS = NO;
				ENABLE_STRICT_OBJC_MSGSEND = YES;
				GCC_C_LANGUAGE_STANDARD = gnu11;
				GCC_NO_COMMON_BLOCKS = YES;
				GCC_WARN_64_TO_32_BIT_CONVERSION = YES;
				GCC_WARN_ABOUT_RETURN_TYPE = YES_ERROR;
				GCC_WARN_UNDECLARED_SELECTOR = YES;
				GCC_WARN_UNINITIALIZED_AUTOS = YES_AGGRESSIVE;
				GCC_WARN_UNUSED_FUNCTION = YES;
				GCC_WARN_UNUSED_VARIABLE = YES;
				IPHONEOS_DEPLOYMENT_TARGET = 16.2;
				MTL_ENABLE_DEBUG_INFO = NO;
				MTL_FAST_MATH = YES;
				SDKROOT = iphoneos;
				SWIFT_COMPILATION_MODE = wholemodule;
				SWIFT_OPTIMIZATION_LEVEL = "-O";
				VALIDATE_PRODUCT = YES;
			};
			name = Release;
		};
		AB02CB362A14D6A100C852C7 /* Debug */ = {
			isa = XCBuildConfiguration;
			buildSettings = {
				ASSETCATALOG_COMPILER_APPICON_NAME = AppIcon;
				ASSETCATALOG_COMPILER_GLOBAL_ACCENT_COLOR_NAME = AccentColor;
				CODE_SIGN_STYLE = Automatic;
				CURRENT_PROJECT_VERSION = 1;
				DEVELOPMENT_TEAM = 3N59S33GKB;
				GENERATE_INFOPLIST_FILE = YES;
				INFOPLIST_FILE = Messenger/Info.plist;
				INFOPLIST_KEY_UIApplicationSupportsIndirectInputEvents = YES;
				INFOPLIST_KEY_UILaunchStoryboardName = LaunchScreen;
				INFOPLIST_KEY_UIMainStoryboardFile = "";
				INFOPLIST_KEY_UISupportedInterfaceOrientations_iPad = "UIInterfaceOrientationPortrait UIInterfaceOrientationPortraitUpsideDown UIInterfaceOrientationLandscapeLeft UIInterfaceOrientationLandscapeRight";
				INFOPLIST_KEY_UISupportedInterfaceOrientations_iPhone = "UIInterfaceOrientationPortrait UIInterfaceOrientationLandscapeLeft UIInterfaceOrientationLandscapeRight";
				IPHONEOS_DEPLOYMENT_TARGET = 13.2;
				LD_RUNPATH_SEARCH_PATHS = (
					"$(inherited)",
					"@executable_path/Frameworks",
				);
				MARKETING_VERSION = 1.0;
				PRODUCT_BUNDLE_IDENTIFIER = com.voidgxd.Messenger;
				PRODUCT_NAME = "$(TARGET_NAME)";
				SWIFT_EMIT_LOC_STRINGS = YES;
				SWIFT_VERSION = 5.0;
				TARGETED_DEVICE_FAMILY = "1,2";
			};
			name = Debug;
		};
		AB02CB372A14D6A100C852C7 /* Release */ = {
			isa = XCBuildConfiguration;
			buildSettings = {
				ASSETCATALOG_COMPILER_APPICON_NAME = AppIcon;
				ASSETCATALOG_COMPILER_GLOBAL_ACCENT_COLOR_NAME = AccentColor;
				CODE_SIGN_STYLE = Automatic;
				CURRENT_PROJECT_VERSION = 1;
				DEVELOPMENT_TEAM = 3N59S33GKB;
				GENERATE_INFOPLIST_FILE = YES;
				INFOPLIST_FILE = Messenger/Info.plist;
				INFOPLIST_KEY_UIApplicationSupportsIndirectInputEvents = YES;
				INFOPLIST_KEY_UILaunchStoryboardName = LaunchScreen;
				INFOPLIST_KEY_UIMainStoryboardFile = "";
				INFOPLIST_KEY_UISupportedInterfaceOrientations_iPad = "UIInterfaceOrientationPortrait UIInterfaceOrientationPortraitUpsideDown UIInterfaceOrientationLandscapeLeft UIInterfaceOrientationLandscapeRight";
				INFOPLIST_KEY_UISupportedInterfaceOrientations_iPhone = "UIInterfaceOrientationPortrait UIInterfaceOrientationLandscapeLeft UIInterfaceOrientationLandscapeRight";
				IPHONEOS_DEPLOYMENT_TARGET = 13.2;
				LD_RUNPATH_SEARCH_PATHS = (
					"$(inherited)",
					"@executable_path/Frameworks",
				);
				MARKETING_VERSION = 1.0;
				PRODUCT_BUNDLE_IDENTIFIER = com.voidgxd.Messenger;
				PRODUCT_NAME = "$(TARGET_NAME)";
				SWIFT_EMIT_LOC_STRINGS = YES;
				SWIFT_VERSION = 5.0;
				TARGETED_DEVICE_FAMILY = "1,2";
			};
			name = Release;
		};
/* End XCBuildConfiguration section */

/* Begin XCConfigurationList section */
		AB02CB1C2A14D6A000C852C7 /* Build configuration list for PBXProject "Messenger" */ = {
			isa = XCConfigurationList;
			buildConfigurations = (
				AB02CB332A14D6A100C852C7 /* Debug */,
				AB02CB342A14D6A100C852C7 /* Release */,
			);
			defaultConfigurationIsVisible = 0;
			defaultConfigurationName = Release;
		};
		AB02CB352A14D6A100C852C7 /* Build configuration list for PBXNativeTarget "Messenger" */ = {
			isa = XCConfigurationList;
			buildConfigurations = (
				AB02CB362A14D6A100C852C7 /* Debug */,
				AB02CB372A14D6A100C852C7 /* Release */,
			);
			defaultConfigurationIsVisible = 0;
			defaultConfigurationName = Release;
		};
/* End XCConfigurationList section */
	};
	rootObject = AB02CB192A14D6A000C852C7 /* Project object */;
}
